// !$*UTF8*$!
{
	archiveVersion = 1;
	classes = {
	};
	objectVersion = 77;
	objects = {

/* Begin PBXContainerItemProxy section */
		EE81E1962D12C70B001341F9 /* PBXContainerItemProxy */ = {
			isa = PBXContainerItemProxy;
			containerPortal = EE81E17D2D12C70A001341F9 /* Project object */;
			proxyType = 1;
			remoteGlobalIDString = EE81E1842D12C70A001341F9;
			remoteInfo = "SwiftUI-Button";
		};
		EE81E1A02D12C70B001341F9 /* PBXContainerItemProxy */ = {
			isa = PBXContainerItemProxy;
			containerPortal = EE81E17D2D12C70A001341F9 /* Project object */;
			proxyType = 1;
			remoteGlobalIDString = EE81E1842D12C70A001341F9;
			remoteInfo = "SwiftUI-Button";
		};
/* End PBXContainerItemProxy section */

/* Begin PBXFileReference section */
		EE81E1852D12C70A001341F9 /* SwiftUI-Button.app */ = {isa = PBXFileReference; explicitFileType = wrapper.application; includeInIndex = 0; path = "SwiftUI-Button.app"; sourceTree = BUILT_PRODUCTS_DIR; };
		EE81E1952D12C70B001341F9 /* SwiftUI-ButtonTests.xctest */ = {isa = PBXFileReference; explicitFileType = wrapper.cfbundle; includeInIndex = 0; path = "SwiftUI-ButtonTests.xctest"; sourceTree = BUILT_PRODUCTS_DIR; };
		EE81E19F2D12C70B001341F9 /* SwiftUI-ButtonUITests.xctest */ = {isa = PBXFileReference; explicitFileType = wrapper.cfbundle; includeInIndex = 0; path = "SwiftUI-ButtonUITests.xctest"; sourceTree = BUILT_PRODUCTS_DIR; };
/* End PBXFileReference section */

/* Begin PBXFileSystemSynchronizedRootGroup section */
		EE81E1872D12C70A001341F9 /* SwiftUI-Button */ = {
			isa = PBXFileSystemSynchronizedRootGroup;
			path = "SwiftUI-Button";
			sourceTree = "<group>";
		};
		EE81E1982D12C70B001341F9 /* SwiftUI-ButtonTests */ = {
			isa = PBXFileSystemSynchronizedRootGroup;
			path = "SwiftUI-ButtonTests";
			sourceTree = "<group>";
		};
		EE81E1A22D12C70B001341F9 /* SwiftUI-ButtonUITests */ = {
			isa = PBXFileSystemSynchronizedRootGroup;
			path = "SwiftUI-ButtonUITests";
			sourceTree = "<group>";
		};
/* End PBXFileSystemSynchronizedRootGroup section */

/* Begin PBXFrameworksBuildPhase section */
		EE81E1822D12C70A001341F9 /* Frameworks */ = {
			isa = PBXFrameworksBuildPhase;
			buildActionMask = 2147483647;
			files = (
			);
			runOnlyForDeploymentPostprocessing = 0;
		};
		EE81E1922D12C70B001341F9 /* Frameworks */ = {
			isa = PBXFrameworksBuildPhase;
			buildActionMask = 2147483647;
			files = (
			);
			runOnlyForDeploymentPostprocessing = 0;
		};
		EE81E19C2D12C70B001341F9 /* Frameworks */ = {
			isa = PBXFrameworksBuildPhase;
			buildActionMask = 2147483647;
			files = (
			);
			runOnlyForDeploymentPostprocessing = 0;
		};
/* End PBXFrameworksBuildPhase section */

/* Begin PBXGroup section */
		EE81E17C2D12C70A001341F9 = {
			isa = PBXGroup;
			children = (
				EE81E1872D12C70A001341F9 /* SwiftUI-Button */,
				EE81E1982D12C70B001341F9 /* SwiftUI-ButtonTests */,
				EE81E1A22D12C70B001341F9 /* SwiftUI-ButtonUITests */,
				EE81E1862D12C70A001341F9 /* Products */,
			);
			sourceTree = "<group>";
		};
		EE81E1862D12C70A001341F9 /* Products */ = {
			isa = PBXGroup;
			children = (
				EE81E1852D12C70A001341F9 /* SwiftUI-Button.app */,
				EE81E1952D12C70B001341F9 /* SwiftUI-ButtonTests.xctest */,
				EE81E19F2D12C70B001341F9 /* SwiftUI-ButtonUITests.xctest */,
			);
			name = Products;
			sourceTree = "<group>";
		};
/* End PBXGroup section */

/* Begin PBXNativeTarget section */
		EE81E1842D12C70A001341F9 /* SwiftUI-Button */ = {
			isa = PBXNativeTarget;
			buildConfigurationList = EE81E1A92D12C70B001341F9 /* Build configuration list for PBXNativeTarget "SwiftUI-Button" */;
			buildPhases = (
				EE81E1812D12C70A001341F9 /* Sources */,
				EE81E1822D12C70A001341F9 /* Frameworks */,
				EE81E1832D12C70A001341F9 /* Resources */,
			);
			buildRules = (
			);
			dependencies = (
			);
			fileSystemSynchronizedGroups = (
				EE81E1872D12C70A001341F9 /* SwiftUI-Button */,
			);
			name = "SwiftUI-Button";
			packageProductDependencies = (
			);
			productName = "SwiftUI-Button";
			productReference = EE81E1852D12C70A001341F9 /* SwiftUI-Button.app */;
			productType = "com.apple.product-type.application";
		};
		EE81E1942D12C70B001341F9 /* SwiftUI-ButtonTests */ = {
			isa = PBXNativeTarget;
			buildConfigurationList = EE81E1AC2D12C70B001341F9 /* Build configuration list for PBXNativeTarget "SwiftUI-ButtonTests" */;
			buildPhases = (
				EE81E1912D12C70B001341F9 /* Sources */,
				EE81E1922D12C70B001341F9 /* Frameworks */,
				EE81E1932D12C70B001341F9 /* Resources */,
			);
			buildRules = (
			);
			dependencies = (
				EE81E1972D12C70B001341F9 /* PBXTargetDependency */,
			);
			fileSystemSynchronizedGroups = (
				EE81E1982D12C70B001341F9 /* SwiftUI-ButtonTests */,
			);
			name = "SwiftUI-ButtonTests";
			packageProductDependencies = (
			);
			productName = "SwiftUI-ButtonTests";
			productReference = EE81E1952D12C70B001341F9 /* SwiftUI-ButtonTests.xctest */;
			productType = "com.apple.product-type.bundle.unit-test";
		};
		EE81E19E2D12C70B001341F9 /* SwiftUI-ButtonUITests */ = {
			isa = PBXNativeTarget;
			buildConfigurationList = EE81E1AF2D12C70B001341F9 /* Build configuration list for PBXNativeTarget "SwiftUI-ButtonUITests" */;
			buildPhases = (
				EE81E19B2D12C70B001341F9 /* Sources */,
				EE81E19C2D12C70B001341F9 /* Frameworks */,
				EE81E19D2D12C70B001341F9 /* Resources */,
			);
			buildRules = (
			);
			dependencies = (
				EE81E1A12D12C70B001341F9 /* PBXTargetDependency */,
			);
			fileSystemSynchronizedGroups = (
				EE81E1A22D12C70B001341F9 /* SwiftUI-ButtonUITests */,
			);
			name = "SwiftUI-ButtonUITests";
			packageProductDependencies = (
			);
			productName = "SwiftUI-ButtonUITests";
			productReference = EE81E19F2D12C70B001341F9 /* SwiftUI-ButtonUITests.xctest */;
			productType = "com.apple.product-type.bundle.ui-testing";
		};
/* End PBXNativeTarget section */

/* Begin PBXProject section */
		EE81E17D2D12C70A001341F9 /* Project object */ = {
			isa = PBXProject;
			attributes = {
				BuildIndependentTargetsInParallel = 1;
				LastSwiftUpdateCheck = 1620;
				LastUpgradeCheck = 1620;
				TargetAttributes = {
					EE81E1842D12C70A001341F9 = {
						CreatedOnToolsVersion = 16.2;
					};
					EE81E1942D12C70B001341F9 = {
						CreatedOnToolsVersion = 16.2;
						TestTargetID = EE81E1842D12C70A001341F9;
					};
					EE81E19E2D12C70B001341F9 = {
						CreatedOnToolsVersion = 16.2;
						TestTargetID = EE81E1842D12C70A001341F9;
					};
				};
			};
			buildConfigurationList = EE81E1802D12C70A001341F9 /* Build configuration list for PBXProject "SwiftUI-Button" */;
			developmentRegion = en;
			hasScannedForEncodings = 0;
			knownRegions = (
				en,
				Base,
			);
			mainGroup = EE81E17C2D12C70A001341F9;
			minimizedProjectReferenceProxies = 1;
			preferredProjectObjectVersion = 77;
			productRefGroup = EE81E1862D12C70A001341F9 /* Products */;
			projectDirPath = "";
			projectRoot = "";
			targets = (
				EE81E1842D12C70A001341F9 /* SwiftUI-Button */,
				EE81E1942D12C70B001341F9 /* SwiftUI-ButtonTests */,
				EE81E19E2D12C70B001341F9 /* SwiftUI-ButtonUITests */,
			);
		};
/* End PBXProject section */

/* Begin PBXResourcesBuildPhase section */
		EE81E1832D12C70A001341F9 /* Resources */ = {
			isa = PBXResourcesBuildPhase;
			buildActionMask = 2147483647;
			files = (
			);
			runOnlyForDeploymentPostprocessing = 0;
		};
		EE81E1932D12C70B001341F9 /* Resources */ = {
			isa = PBXResourcesBuildPhase;
			buildActionMask = 2147483647;
			files = (
			);
			runOnlyForDeploymentPostprocessing = 0;
		};
		EE81E19D2D12C70B001341F9 /* Resources */ = {
			isa = PBXResourcesBuildPhase;
			buildActionMask = 2147483647;
			files = (
			);
			runOnlyForDeploymentPostprocessing = 0;
		};
/* End PBXResourcesBuildPhase section */

/* Begin PBXSourcesBuildPhase section */
		EE81E1812D12C70A001341F9 /* Sources */ = {
			isa = PBXSourcesBuildPhase;
			buildActionMask = 2147483647;
			files = (
			);
			runOnlyForDeploymentPostprocessing = 0;
		};
		EE81E1912D12C70B001341F9 /* Sources */ = {
			isa = PBXSourcesBuildPhase;
			buildActionMask = 2147483647;
			files = (
			);
			runOnlyForDeploymentPostprocessing = 0;
		};
		EE81E19B2D12C70B001341F9 /* Sources */ = {
			isa = PBXSourcesBuildPhase;
			buildActionMask = 2147483647;
			files = (
			);
			runOnlyForDeploymentPostprocessing = 0;
		};
/* End PBXSourcesBuildPhase section */

/* Begin PBXTargetDependency section */
		EE81E1972D12C70B001341F9 /* PBXTargetDependency */ = {
			isa = PBXTargetDependency;
			target = EE81E1842D12C70A001341F9 /* SwiftUI-Button */;
			targetProxy = EE81E1962D12C70B001341F9 /* PBXContainerItemProxy */;
		};
		EE81E1A12D12C70B001341F9 /* PBXTargetDependency */ = {
			isa = PBXTargetDependency;
			target = EE81E1842D12C70A001341F9 /* SwiftUI-Button */;
			targetProxy = EE81E1A02D12C70B001341F9 /* PBXContainerItemProxy */;
		};
/* End PBXTargetDependency section */

/* Begin XCBuildConfiguration section */
		EE81E1A72D12C70B001341F9 /* Debug */ = {
			isa = XCBuildConfiguration;
			buildSettings = {
				ALWAYS_SEARCH_USER_PATHS = NO;
				ASSETCATALOG_COMPILER_GENERATE_SWIFT_ASSET_SYMBOL_EXTENSIONS = YES;
				CLANG_ANALYZER_NONNULL = YES;
				CLANG_ANALYZER_NUMBER_OBJECT_CONVERSION = YES_AGGRESSIVE;
				CLANG_CXX_LANGUAGE_STANDARD = "gnu++20";
				CLANG_ENABLE_MODULES = YES;
				CLANG_ENABLE_OBJC_ARC = YES;
				CLANG_ENABLE_OBJC_WEAK = YES;
				CLANG_WARN_BLOCK_CAPTURE_AUTORELEASING = YES;
				CLANG_WARN_BOOL_CONVERSION = YES;
				CLANG_WARN_COMMA = YES;
				CLANG_WARN_CONSTANT_CONVERSION = YES;
				CLANG_WARN_DEPRECATED_OBJC_IMPLEMENTATIONS = YES;
				CLANG_WARN_DIRECT_OBJC_ISA_USAGE = YES_ERROR;
				CLANG_WARN_DOCUMENTATION_COMMENTS = YES;
				CLANG_WARN_EMPTY_BODY = YES;
				CLANG_WARN_ENUM_CONVERSION = YES;
				CLANG_WARN_INFINITE_RECURSION = YES;
				CLANG_WARN_INT_CONVERSION = YES;
				CLANG_WARN_NON_LITERAL_NULL_CONVERSION = YES;
				CLANG_WARN_OBJC_IMPLICIT_RETAIN_SELF = YES;
				CLANG_WARN_OBJC_LITERAL_CONVERSION = YES;
				CLANG_WARN_OBJC_ROOT_CLASS = YES_ERROR;
				CLANG_WARN_QUOTED_INCLUDE_IN_FRAMEWORK_HEADER = YES;
				CLANG_WARN_RANGE_LOOP_ANALYSIS = YES;
				CLANG_WARN_STRICT_PROTOTYPES = YES;
				CLANG_WARN_SUSPICIOUS_MOVE = YES;
				CLANG_WARN_UNGUARDED_AVAILABILITY = YES_AGGRESSIVE;
				CLANG_WARN_UNREACHABLE_CODE = YES;
				CLANG_WARN__DUPLICATE_METHOD_MATCH = YES;
				COPY_PHASE_STRIP = NO;
				DEBUG_INFORMATION_FORMAT = dwarf;
				ENABLE_STRICT_OBJC_MSGSEND = YES;
				ENABLE_TESTABILITY = YES;
				ENABLE_USER_SCRIPT_SANDBOXING = YES;
				GCC_C_LANGUAGE_STANDARD = gnu17;
				GCC_DYNAMIC_NO_PIC = NO;
				GCC_NO_COMMON_BLOCKS = YES;
				GCC_OPTIMIZATION_LEVEL = 0;
				GCC_PREPROCESSOR_DEFINITIONS = (
					"DEBUG=1",
					"$(inherited)",
				);
				GCC_WARN_64_TO_32_BIT_CONVERSION = YES;
				GCC_WARN_ABOUT_RETURN_TYPE = YES_ERROR;
				GCC_WARN_UNDECLARED_SELECTOR = YES;
				GCC_WARN_UNINITIALIZED_AUTOS = YES_AGGRESSIVE;
				GCC_WARN_UNUSED_FUNCTION = YES;
				GCC_WARN_UNUSED_VARIABLE = YES;
				IPHONEOS_DEPLOYMENT_TARGET = 18.2;
				LOCALIZATION_PREFERS_STRING_CATALOGS = YES;
				MTL_ENABLE_DEBUG_INFO = INCLUDE_SOURCE;
				MTL_FAST_MATH = YES;
				ONLY_ACTIVE_ARCH = YES;
				SDKROOT = iphoneos;
				SWIFT_ACTIVE_COMPILATION_CONDITIONS = "DEBUG $(inherited)";
				SWIFT_OPTIMIZATION_LEVEL = "-Onone";
			};
			name = Debug;
		};
		EE81E1A82D12C70B001341F9 /* Release */ = {
			isa = XCBuildConfiguration;
			buildSettings = {
				ALWAYS_SEARCH_USER_PATHS = NO;
				ASSETCATALOG_COMPILER_GENERATE_SWIFT_ASSET_SYMBOL_EXTENSIONS = YES;
				CLANG_ANALYZER_NONNULL = YES;
				CLANG_ANALYZER_NUMBER_OBJECT_CONVERSION = YES_AGGRESSIVE;
				CLANG_CXX_LANGUAGE_STANDARD = "gnu++20";
				CLANG_ENABLE_MODULES = YES;
				CLANG_ENABLE_OBJC_ARC = YES;
				CLANG_ENABLE_OBJC_WEAK = YES;
				CLANG_WARN_BLOCK_CAPTURE_AUTORELEASING = YES;
				CLANG_WARN_BOOL_CONVERSION = YES;
				CLANG_WARN_COMMA = YES;
				CLANG_WARN_CONSTANT_CONVERSION = YES;
				CLANG_WARN_DEPRECATED_OBJC_IMPLEMENTATIONS = YES;
				CLANG_WARN_DIRECT_OBJC_ISA_USAGE = YES_ERROR;
				CLANG_WARN_DOCUMENTATION_COMMENTS = YES;
				CLANG_WARN_EMPTY_BODY = YES;
				CLANG_WARN_ENUM_CONVERSION = YES;
				CLANG_WARN_INFINITE_RECURSION = YES;
				CLANG_WARN_INT_CONVERSION = YES;
				CLANG_WARN_NON_LITERAL_NULL_CONVERSION = YES;
				CLANG_WARN_OBJC_IMPLICIT_RETAIN_SELF = YES;
				CLANG_WARN_OBJC_LITERAL_CONVERSION = YES;
				CLANG_WARN_OBJC_ROOT_CLASS = YES_ERROR;
				CLANG_WARN_QUOTED_INCLUDE_IN_FRAMEWORK_HEADER = YES;
				CLANG_WARN_RANGE_LOOP_ANALYSIS = YES;
				CLANG_WARN_STRICT_PROTOTYPES = YES;
				CLANG_WARN_SUSPICIOUS_MOVE = YES;
				CLANG_WARN_UNGUARDED_AVAILABILITY = YES_AGGRESSIVE;
				CLANG_WARN_UNREACHABLE_CODE = YES;
				CLANG_WARN__DUPLICATE_METHOD_MATCH = YES;
				COPY_PHASE_STRIP = NO;
				DEBUG_INFORMATION_FORMAT = "dwarf-with-dsym";
				ENABLE_NS_ASSERTIONS = NO;
				ENABLE_STRICT_OBJC_MSGSEND = YES;
				ENABLE_USER_SCRIPT_SANDBOXING = YES;
				GCC_C_LANGUAGE_STANDARD = gnu17;
				GCC_NO_COMMON_BLOCKS = YES;
				GCC_WARN_64_TO_32_BIT_CONVERSION = YES;
				GCC_WARN_ABOUT_RETURN_TYPE = YES_ERROR;
				GCC_WARN_UNDECLARED_SELECTOR = YES;
				GCC_WARN_UNINITIALIZED_AUTOS = YES_AGGRESSIVE;
				GCC_WARN_UNUSED_FUNCTION = YES;
				GCC_WARN_UNUSED_VARIABLE = YES;
				IPHONEOS_DEPLOYMENT_TARGET = 18.2;
				LOCALIZATION_PREFERS_STRING_CATALOGS = YES;
				MTL_ENABLE_DEBUG_INFO = NO;
				MTL_FAST_MATH = YES;
				SDKROOT = iphoneos;
				SWIFT_COMPILATION_MODE = wholemodule;
				VALIDATE_PRODUCT = YES;
			};
			name = Release;
		};
		EE81E1AA2D12C70B001341F9 /* Debug */ = {
			isa = XCBuildConfiguration;
			buildSettings = {
				ASSETCATALOG_COMPILER_APPICON_NAME = AppIcon;
				ASSETCATALOG_COMPILER_GLOBAL_ACCENT_COLOR_NAME = AccentColor;
				CODE_SIGN_STYLE = Automatic;
				CURRENT_PROJECT_VERSION = 1;
				DEVELOPMENT_ASSET_PATHS = "\"SwiftUI-Button/Preview Content\"";
				ENABLE_PREVIEWS = YES;
				GENERATE_INFOPLIST_FILE = YES;
				INFOPLIST_KEY_UIApplicationSceneManifest_Generation = YES;
				INFOPLIST_KEY_UIApplicationSupportsIndirectInputEvents = YES;
				INFOPLIST_KEY_UILaunchScreen_Generation = YES;
				INFOPLIST_KEY_UISupportedInterfaceOrientations_iPad = "UIInterfaceOrientationPortrait UIInterfaceOrientationPortraitUpsideDown UIInterfaceOrientationLandscapeLeft UIInterfaceOrientationLandscapeRight";
				INFOPLIST_KEY_UISupportedInterfaceOrientations_iPhone = "UIInterfaceOrientationPortrait UIInterfaceOrientationLandscapeLeft UIInterfaceOrientationLandscapeRight";
				LD_RUNPATH_SEARCH_PATHS = (
					"$(inherited)",
					"@executable_path/Frameworks",
				);
				MARKETING_VERSION = 1.0;
				PRODUCT_BUNDLE_IDENTIFIER = "jocford.SwiftUI-Button";
				PRODUCT_NAME = "$(TARGET_NAME)";
				SWIFT_EMIT_LOC_STRINGS = YES;
				SWIFT_VERSION = 5.0;
				TARGETED_DEVICE_FAMILY = "1,2";
			};
			name = Debug;
		};
		EE81E1AB2D12C70B001341F9 /* Release */ = {
			isa = XCBuildConfiguration;
			buildSettings = {
				ASSETCATALOG_COMPILER_APPICON_NAME = AppIcon;
				ASSETCATALOG_COMPILER_GLOBAL_ACCENT_COLOR_NAME = AccentColor;
				CODE_SIGN_STYLE = Automatic;
				CURRENT_PROJECT_VERSION = 1;
				DEVELOPMENT_ASSET_PATHS = "\"SwiftUI-Button/Preview Content\"";
				ENABLE_PREVIEWS = YES;
				GENERATE_INFOPLIST_FILE = YES;
				INFOPLIST_KEY_UIApplicationSceneManifest_Generation = YES;
				INFOPLIST_KEY_UIApplicationSupportsIndirectInputEvents = YES;
				INFOPLIST_KEY_UILaunchScreen_Generation = YES;
				INFOPLIST_KEY_UISupportedInterfaceOrientations_iPad = "UIInterfaceOrientationPortrait UIInterfaceOrientationPortraitUpsideDown UIInterfaceOrientationLandscapeLeft UIInterfaceOrientationLandscapeRight";
				INFOPLIST_KEY_UISupportedInterfaceOrientations_iPhone = "UIInterfaceOrientationPortrait UIInterfaceOrientationLandscapeLeft UIInterfaceOrientationLandscapeRight";
				LD_RUNPATH_SEARCH_PATHS = (
					"$(inherited)",
					"@executable_path/Frameworks",
				);
				MARKETING_VERSION = 1.0;
				PRODUCT_BUNDLE_IDENTIFIER = "jocford.SwiftUI-Button";
				PRODUCT_NAME = "$(TARGET_NAME)";
				SWIFT_EMIT_LOC_STRINGS = YES;
				SWIFT_VERSION = 5.0;
				TARGETED_DEVICE_FAMILY = "1,2";
			};
			name = Release;
		};
		EE81E1AD2D12C70B001341F9 /* Debug */ = {
			isa = XCBuildConfiguration;
			buildSettings = {
				BUNDLE_LOADER = "$(TEST_HOST)";
				CODE_SIGN_STYLE = Automatic;
				CURRENT_PROJECT_VERSION = 1;
				GENERATE_INFOPLIST_FILE = YES;
				IPHONEOS_DEPLOYMENT_TARGET = 18.2;
				MARKETING_VERSION = 1.0;
				PRODUCT_BUNDLE_IDENTIFIER = "jocford.SwiftUI-ButtonTests";
				PRODUCT_NAME = "$(TARGET_NAME)";
				SWIFT_EMIT_LOC_STRINGS = NO;
				SWIFT_VERSION = 5.0;
				TARGETED_DEVICE_FAMILY = "1,2";
				TEST_HOST = "$(BUILT_PRODUCTS_DIR)/SwiftUI-Button.app/$(BUNDLE_EXECUTABLE_FOLDER_PATH)/SwiftUI-Button";
			};
			name = Debug;
		};
		EE81E1AE2D12C70B001341F9 /* Release */ = {
			isa = XCBuildConfiguration;
			buildSettings = {
				BUNDLE_LOADER = "$(TEST_HOST)";
				CODE_SIGN_STYLE = Automatic;
				CURRENT_PROJECT_VERSION = 1;
				GENERATE_INFOPLIST_FILE = YES;
				IPHONEOS_DEPLOYMENT_TARGET = 18.2;
				MARKETING_VERSION = 1.0;
				PRODUCT_BUNDLE_IDENTIFIER = "jocford.SwiftUI-ButtonTests";
				PRODUCT_NAME = "$(TARGET_NAME)";
				SWIFT_EMIT_LOC_STRINGS = NO;
				SWIFT_VERSION = 5.0;
				TARGETED_DEVICE_FAMILY = "1,2";
				TEST_HOST = "$(BUILT_PRODUCTS_DIR)/SwiftUI-Button.app/$(BUNDLE_EXECUTABLE_FOLDER_PATH)/SwiftUI-Button";
			};
			name = Release;
		};
		EE81E1B02D12C70B001341F9 /* Debug */ = {
			isa = XCBuildConfiguration;
			buildSettings = {
				CODE_SIGN_STYLE = Automatic;
				CURRENT_PROJECT_VERSION = 1;
				GENERATE_INFOPLIST_FILE = YES;
				MARKETING_VERSION = 1.0;
				PRODUCT_BUNDLE_IDENTIFIER = "jocford.SwiftUI-ButtonUITests";
				PRODUCT_NAME = "$(TARGET_NAME)";
				SWIFT_EMIT_LOC_STRINGS = NO;
				SWIFT_VERSION = 5.0;
				TARGETED_DEVICE_FAMILY = "1,2";
				TEST_TARGET_NAME = "SwiftUI-Button";
			};
			name = Debug;
		};
		EE81E1B12D12C70B001341F9 /* Release */ = {
			isa = XCBuildConfiguration;
			buildSettings = {
				CODE_SIGN_STYLE = Automatic;
				CURRENT_PROJECT_VERSION = 1;
				GENERATE_INFOPLIST_FILE = YES;
				MARKETING_VERSION = 1.0;
				PRODUCT_BUNDLE_IDENTIFIER = "jocford.SwiftUI-ButtonUITests";
				PRODUCT_NAME = "$(TARGET_NAME)";
				SWIFT_EMIT_LOC_STRINGS = NO;
				SWIFT_VERSION = 5.0;
				TARGETED_DEVICE_FAMILY = "1,2";
				TEST_TARGET_NAME = "SwiftUI-Button";
			};
			name = Release;
		};
/* End XCBuildConfiguration section */

/* Begin XCConfigurationList section */
		EE81E1802D12C70A001341F9 /* Build configuration list for PBXProject "SwiftUI-Button" */ = {
			isa = XCConfigurationList;
			buildConfigurations = (
				EE81E1A72D12C70B001341F9 /* Debug */,
				EE81E1A82D12C70B001341F9 /* Release */,
			);
			defaultConfigurationIsVisible = 0;
			defaultConfigurationName = Release;
		};
		EE81E1A92D12C70B001341F9 /* Build configuration list for PBXNativeTarget "SwiftUI-Button" */ = {
			isa = XCConfigurationList;
			buildConfigurations = (
				EE81E1AA2D12C70B001341F9 /* Debug */,
				EE81E1AB2D12C70B001341F9 /* Release */,
			);
			defaultConfigurationIsVisible = 0;
			defaultConfigurationName = Release;
		};
		EE81E1AC2D12C70B001341F9 /* Build configuration list for PBXNativeTarget "SwiftUI-ButtonTests" */ = {
			isa = XCConfigurationList;
			buildConfigurations = (
				EE81E1AD2D12C70B001341F9 /* Debug */,
				EE81E1AE2D12C70B001341F9 /* Release */,
			);
			defaultConfigurationIsVisible = 0;
			defaultConfigurationName = Release;
		};
		EE81E1AF2D12C70B001341F9 /* Build configuration list for PBXNativeTarget "SwiftUI-ButtonUITests" */ = {
			isa = XCConfigurationList;
			buildConfigurations = (
				EE81E1B02D12C70B001341F9 /* Debug */,
				EE81E1B12D12C70B001341F9 /* Release */,
			);
			defaultConfigurationIsVisible = 0;
			defaultConfigurationName = Release;
		};
/* End XCConfigurationList section */
	};
	rootObject = EE81E17D2D12C70A001341F9 /* Project object */;
}
